
Microsoft Visual Studio Solution File, Format Version 12.00
# Visual Studio Version 17
VisualStudioVersion = 17.8.34316.72
MinimumVisualStudioVersion = 10.0.40219.1
Project("{FAE04EC0-301F-11D3-BF4B-00C04F79EFBC}") = "HelloWord", "HelloWord\HelloWord.csproj", "{44AF1FCD-586B-4CFD-B101-E397422C89AF}"
EndProject
Project("{FAE04EC0-301F-11D3-BF4B-00C04F79EFBC}") = "PrimeirosPassos", "PrimeirosPassos\PrimeirosPassos.csproj", "{8CBB1724-3F68-4C58-908C-75AB060D055F}"
EndProject
Global
	GlobalSection(SolutionConfigurationPlatforms) = preSolution
		Debug|Any CPU = Debug|Any CPU
		Release|Any CPU = Release|Any CPU
	EndGlobalSection
	GlobalSection(ProjectConfigurationPlatforms) = postSolution
		{44AF1FCD-586B-4CFD-B101-E397422C89AF}.Debug|Any CPU.ActiveCfg = Debug|Any CPU
		{44AF1FCD-586B-4CFD-B101-E397422C89AF}.Debug|Any CPU.Build.0 = Debug|Any CPU
		{44AF1FCD-586B-4CFD-B101-E397422C89AF}.Release|Any CPU.ActiveCfg = Release|Any CPU
		{44AF1FCD-586B-4CFD-B101-E397422C89AF}.Release|Any CPU.Build.0 = Release|Any CPU
		{8CBB1724-3F68-4C58-908C-75AB060D055F}.Debug|Any CPU.ActiveCfg = Debug|Any CPU
		{8CBB1724-3F68-4C58-908C-75AB060D055F}.Debug|Any CPU.Build.0 = Debug|Any CPU
		{8CBB1724-3F68-4C58-908C-75AB060D055F}.Release|Any CPU.ActiveCfg = Release|Any CPU
		{8CBB1724-3F68-4C58-908C-75AB060D055F}.Release|Any CPU.Build.0 = Release|Any CPU
	EndGlobalSection
	GlobalSection(SolutionProperties) = preSolution
		HideSolutionNode = FALSE
	EndGlobalSection
	GlobalSection(ExtensibilityGlobals) = postSolution
		SolutionGuid = {00001E24-3A90-45FE-9C68-5D562BF04DFB}
	EndGlobalSection
EndGlobal
